
Microsoft Visual Studio Solution File, Format Version 12.00
# Visual Studio Version 17
VisualStudioVersion = 17.4.33122.133
MinimumVisualStudioVersion = 10.0.40219.1
Project("{FAE04EC0-301F-11D3-BF4B-00C04F79EFBC}") = "WebApi", "WebApi\WebApi.csproj", "{6F9F66D8-2C63-484D-8CE7-650C205EE14B}"
EndProject
Global
	GlobalSection(SolutionConfigurationPlatforms) = preSolution
		Debug|Any CPU = Debug|Any CPU
		Release|Any CPU = Release|Any CPU
	EndGlobalSection
	GlobalSection(ProjectConfigurationPlatforms) = postSolution
		{6F9F66D8-2C63-484D-8CE7-650C205EE14B}.Debug|Any CPU.ActiveCfg = Debug|Any CPU
		{6F9F66D8-2C63-484D-8CE7-650C205EE14B}.Debug|Any CPU.Build.0 = Debug|Any CPU
		{6F9F66D8-2C63-484D-8CE7-650C205EE14B}.Release|Any CPU.ActiveCfg = Release|Any CPU
		{6F9F66D8-2C63-484D-8CE7-650C205EE14B}.Release|Any CPU.Build.0 = Release|Any CPU
	EndGlobalSection
	GlobalSection(SolutionProperties) = preSolution
		HideSolutionNode = FALSE
	EndGlobalSection
	GlobalSection(ExtensibilityGlobals) = postSolution
		SolutionGuid = {2D7AFF2B-9786-49DF-98FD-241C9CB68264}
	EndGlobalSection
EndGlobal
